{
  "originHash" : "15b9c9c227d7fc83b5636c53985db244b6c90ded129e75281d9c851b649f74e7",
  "pins" : [
    {
      "identity" : "inject",
      "kind" : "remoteSourceControl",
      "location" : "https://github.com/krzysztofzablocki/Inject.git",
      "state" : {
        "revision" : "728c56639ecb3df441d51d5bc6747329afabcfc9",
        "version" : "1.5.2"
      }
    },
    {
      "identity" : "vlckit-spm",
      "kind" : "remoteSourceControl",
      "location" : "https://github.com/tylerjonesio/vlckit-spm",
      "state" : {
        "revision" : "e932bbd488872fdb74f6654d28c2f291eae03daf",
        "version" : "3.6.0"
      }
    }
  ],
  "version" : 3
}
